// !$*UTF8*$!
{
	archiveVersion = 1;
	classes = {
	};
	objectVersion = 55;
	objects = {

/* Begin PBXBuildFile section */
		0228BA36282E12C000B7008F /* LoginViewModel.swift in Sources */ = {isa = PBXBuildFile; fileRef = 0228BA35282E12C000B7008F /* LoginViewModel.swift */; };
		0228BA39282E185F00B7008F /* LoginViewController.swift in Sources */ = {isa = PBXBuildFile; fileRef = 0228BA38282E185F00B7008F /* LoginViewController.swift */; };
		0229E212282E5D3800C343B5 /* UIViewController + Extension.swift in Sources */ = {isa = PBXBuildFile; fileRef = 0229E211282E5D3800C343B5 /* UIViewController + Extension.swift */; };
		0229E217282E5DC300C343B5 /* ListViewController.swift in Sources */ = {isa = PBXBuildFile; fileRef = 0229E216282E5DC300C343B5 /* ListViewController.swift */; };
		0229E21A282E5E4A00C343B5 /* String + Extension.swift in Sources */ = {isa = PBXBuildFile; fileRef = 0229E219282E5E4A00C343B5 /* String + Extension.swift */; };
		0229E21C282E5F1600C343B5 /* ListViewModel.swift in Sources */ = {isa = PBXBuildFile; fileRef = 0229E21B282E5F1600C343B5 /* ListViewModel.swift */; };
		0229E21F282E5F9D00C343B5 /* UsersListRequest.swift in Sources */ = {isa = PBXBuildFile; fileRef = 0229E21E282E5F9D00C343B5 /* UsersListRequest.swift */; };
		0229E221282E5FAA00C343B5 /* UsersListResponse.swift in Sources */ = {isa = PBXBuildFile; fileRef = 0229E220282E5FAA00C343B5 /* UsersListResponse.swift */; };
		0229E225282E651700C343B5 /* UsersTableViewCell.swift in Sources */ = {isa = PBXBuildFile; fileRef = 0229E223282E651700C343B5 /* UsersTableViewCell.swift */; };
		0229E226282E651700C343B5 /* UsersTableViewCell.xib in Resources */ = {isa = PBXBuildFile; fileRef = 0229E224282E651700C343B5 /* UsersTableViewCell.xib */; };
		02F9D82B282CDE1C00E6D912 /* AppDelegate.swift in Sources */ = {isa = PBXBuildFile; fileRef = 02F9D82A282CDE1C00E6D912 /* AppDelegate.swift */; };
		02F9D82D282CDE1C00E6D912 /* SceneDelegate.swift in Sources */ = {isa = PBXBuildFile; fileRef = 02F9D82C282CDE1C00E6D912 /* SceneDelegate.swift */; };
		02F9D832282CDE1C00E6D912 /* Main.storyboard in Resources */ = {isa = PBXBuildFile; fileRef = 02F9D830282CDE1C00E6D912 /* Main.storyboard */; };
		02F9D834282CDE1D00E6D912 /* Assets.xcassets in Resources */ = {isa = PBXBuildFile; fileRef = 02F9D833282CDE1D00E6D912 /* Assets.xcassets */; };
		02F9D837282CDE1D00E6D912 /* LaunchScreen.storyboard in Resources */ = {isa = PBXBuildFile; fileRef = 02F9D835282CDE1D00E6D912 /* LaunchScreen.storyboard */; };
		02F9D842282CDE1D00E6D912 /* CoreAPI_iOSTests.swift in Sources */ = {isa = PBXBuildFile; fileRef = 02F9D841282CDE1D00E6D912 /* CoreAPI_iOSTests.swift */; };
		02F9D84C282CDE1D00E6D912 /* CoreAPI_iOSUITests.swift in Sources */ = {isa = PBXBuildFile; fileRef = 02F9D84B282CDE1D00E6D912 /* CoreAPI_iOSUITests.swift */; };
		02F9D84E282CDE1D00E6D912 /* CoreAPI_iOSUITestsLaunchTests.swift in Sources */ = {isa = PBXBuildFile; fileRef = 02F9D84D282CDE1D00E6D912 /* CoreAPI_iOSUITestsLaunchTests.swift */; };
		02F9D861282CE15B00E6D912 /* CoreAPI.swift in Sources */ = {isa = PBXBuildFile; fileRef = 02F9D860282CE15B00E6D912 /* CoreAPI.swift */; };
		02F9D863282CE17D00E6D912 /* TargerType.swift in Sources */ = {isa = PBXBuildFile; fileRef = 02F9D862282CE17D00E6D912 /* TargerType.swift */; };
		02F9D865282CE19000E6D912 /* AlamofireLogger.swift in Sources */ = {isa = PBXBuildFile; fileRef = 02F9D864282CE19000E6D912 /* AlamofireLogger.swift */; };
		02F9D868282CE1B400E6D912 /* Networking.swift in Sources */ = {isa = PBXBuildFile; fileRef = 02F9D867282CE1B400E6D912 /* Networking.swift */; };
		02F9D86B282CE3EE00E6D912 /* Alamofire in Frameworks */ = {isa = PBXBuildFile; productRef = 02F9D86A282CE3EE00E6D912 /* Alamofire */; };
		02F9D86E282CE46F00E6D912 /* Enums.swift in Sources */ = {isa = PBXBuildFile; fileRef = 02F9D86D282CE46F00E6D912 /* Enums.swift */; };
		02F9D870282CE4B900E6D912 /* MessageHelper.swift in Sources */ = {isa = PBXBuildFile; fileRef = 02F9D86F282CE4B900E6D912 /* MessageHelper.swift */; };
		02F9D873282CE54300E6D912 /* CoreAPI + Extension.swift in Sources */ = {isa = PBXBuildFile; fileRef = 02F9D872282CE54300E6D912 /* CoreAPI + Extension.swift */; };
		02F9D875282CE5C900E6D912 /* AFError + Extension.swift in Sources */ = {isa = PBXBuildFile; fileRef = 02F9D874282CE5C900E6D912 /* AFError + Extension.swift */; };
		02F9D878282CE68E00E6D912 /* BuildConfig.swift in Sources */ = {isa = PBXBuildFile; fileRef = 02F9D877282CE68E00E6D912 /* BuildConfig.swift */; };
		02F9D87B282CE6C500E6D912 /* AppConfiguration.swift in Sources */ = {isa = PBXBuildFile; fileRef = 02F9D87A282CE6C500E6D912 /* AppConfiguration.swift */; };
		02F9D87E282D075B00E6D912 /* LoginRequest.swift in Sources */ = {isa = PBXBuildFile; fileRef = 02F9D87D282D075B00E6D912 /* LoginRequest.swift */; };
		02F9D880282D076A00E6D912 /* LoginResponse.swift in Sources */ = {isa = PBXBuildFile; fileRef = 02F9D87F282D076A00E6D912 /* LoginResponse.swift */; };
		A848869C282F95D700FBCF0D /* BaseNavigationController.swift in Sources */ = {isa = PBXBuildFile; fileRef = A848869B282F95D700FBCF0D /* BaseNavigationController.swift */; };
		A89C22782830CCDD00B3AD2D /* ViewModelBaseProtocol.swift in Sources */ = {isa = PBXBuildFile; fileRef = A89C22772830CCDD00B3AD2D /* ViewModelBaseProtocol.swift */; };
		A89C227A2830D4EC00B3AD2D /* BaseViewController.swift in Sources */ = {isa = PBXBuildFile; fileRef = A89C22792830D4EC00B3AD2D /* BaseViewController.swift */; };
		A8DE22B6282F691E006784E4 /* BaseResponse.swift in Sources */ = {isa = PBXBuildFile; fileRef = A8DE22B5282F691E006784E4 /* BaseResponse.swift */; };
/* End PBXBuildFile section */

/* Begin PBXContainerItemProxy section */
		02F9D83E282CDE1D00E6D912 /* PBXContainerItemProxy */ = {
			isa = PBXContainerItemProxy;
			containerPortal = 02F9D81F282CDE1C00E6D912 /* Project object */;
			proxyType = 1;
			remoteGlobalIDString = 02F9D826282CDE1C00E6D912;
			remoteInfo = "CoreAPI-iOS";
		};
		02F9D848282CDE1D00E6D912 /* PBXContainerItemProxy */ = {
			isa = PBXContainerItemProxy;
			containerPortal = 02F9D81F282CDE1C00E6D912 /* Project object */;
			proxyType = 1;
			remoteGlobalIDString = 02F9D826282CDE1C00E6D912;
			remoteInfo = "CoreAPI-iOS";
		};
/* End PBXContainerItemProxy section */

/* Begin PBXFileReference section */
		0228BA35282E12C000B7008F /* LoginViewModel.swift */ = {isa = PBXFileReference; lastKnownFileType = sourcecode.swift; path = LoginViewModel.swift; sourceTree = "<group>"; };
		0228BA38282E185F00B7008F /* LoginViewController.swift */ = {isa = PBXFileReference; lastKnownFileType = sourcecode.swift; path = LoginViewController.swift; sourceTree = "<group>"; };
		0229E211282E5D3800C343B5 /* UIViewController + Extension.swift */ = {isa = PBXFileReference; lastKnownFileType = sourcecode.swift; path = "UIViewController + Extension.swift"; sourceTree = "<group>"; };
		0229E216282E5DC300C343B5 /* ListViewController.swift */ = {isa = PBXFileReference; lastKnownFileType = sourcecode.swift; path = ListViewController.swift; sourceTree = "<group>"; };
		0229E219282E5E4A00C343B5 /* String + Extension.swift */ = {isa = PBXFileReference; lastKnownFileType = sourcecode.swift; path = "String + Extension.swift"; sourceTree = "<group>"; };
		0229E21B282E5F1600C343B5 /* ListViewModel.swift */ = {isa = PBXFileReference; lastKnownFileType = sourcecode.swift; path = ListViewModel.swift; sourceTree = "<group>"; };
		0229E21E282E5F9D00C343B5 /* UsersListRequest.swift */ = {isa = PBXFileReference; lastKnownFileType = sourcecode.swift; path = UsersListRequest.swift; sourceTree = "<group>"; };
		0229E220282E5FAA00C343B5 /* UsersListResponse.swift */ = {isa = PBXFileReference; lastKnownFileType = sourcecode.swift; path = UsersListResponse.swift; sourceTree = "<group>"; };
		0229E223282E651700C343B5 /* UsersTableViewCell.swift */ = {isa = PBXFileReference; lastKnownFileType = sourcecode.swift; path = UsersTableViewCell.swift; sourceTree = "<group>"; };
		0229E224282E651700C343B5 /* UsersTableViewCell.xib */ = {isa = PBXFileReference; lastKnownFileType = file.xib; path = UsersTableViewCell.xib; sourceTree = "<group>"; };
		02F9D827282CDE1C00E6D912 /* CoreAPI-iOS.app */ = {isa = PBXFileReference; explicitFileType = wrapper.application; includeInIndex = 0; path = "CoreAPI-iOS.app"; sourceTree = BUILT_PRODUCTS_DIR; };
		02F9D82A282CDE1C00E6D912 /* AppDelegate.swift */ = {isa = PBXFileReference; lastKnownFileType = sourcecode.swift; path = AppDelegate.swift; sourceTree = "<group>"; };
		02F9D82C282CDE1C00E6D912 /* SceneDelegate.swift */ = {isa = PBXFileReference; lastKnownFileType = sourcecode.swift; path = SceneDelegate.swift; sourceTree = "<group>"; };
		02F9D831282CDE1C00E6D912 /* Base */ = {isa = PBXFileReference; lastKnownFileType = file.storyboard; name = Base; path = Base.lproj/Main.storyboard; sourceTree = "<group>"; };
		02F9D833282CDE1D00E6D912 /* Assets.xcassets */ = {isa = PBXFileReference; lastKnownFileType = folder.assetcatalog; path = Assets.xcassets; sourceTree = "<group>"; };
		02F9D836282CDE1D00E6D912 /* Base */ = {isa = PBXFileReference; lastKnownFileType = file.storyboard; name = Base; path = Base.lproj/LaunchScreen.storyboard; sourceTree = "<group>"; };
		02F9D838282CDE1D00E6D912 /* Info.plist */ = {isa = PBXFileReference; lastKnownFileType = text.plist.xml; path = Info.plist; sourceTree = "<group>"; };
		02F9D83D282CDE1D00E6D912 /* CoreAPI-iOSTests.xctest */ = {isa = PBXFileReference; explicitFileType = wrapper.cfbundle; includeInIndex = 0; path = "CoreAPI-iOSTests.xctest"; sourceTree = BUILT_PRODUCTS_DIR; };
		02F9D841282CDE1D00E6D912 /* CoreAPI_iOSTests.swift */ = {isa = PBXFileReference; lastKnownFileType = sourcecode.swift; path = CoreAPI_iOSTests.swift; sourceTree = "<group>"; };
		02F9D847282CDE1D00E6D912 /* CoreAPI-iOSUITests.xctest */ = {isa = PBXFileReference; explicitFileType = wrapper.cfbundle; includeInIndex = 0; path = "CoreAPI-iOSUITests.xctest"; sourceTree = BUILT_PRODUCTS_DIR; };
		02F9D84B282CDE1D00E6D912 /* CoreAPI_iOSUITests.swift */ = {isa = PBXFileReference; lastKnownFileType = sourcecode.swift; path = CoreAPI_iOSUITests.swift; sourceTree = "<group>"; };
		02F9D84D282CDE1D00E6D912 /* CoreAPI_iOSUITestsLaunchTests.swift */ = {isa = PBXFileReference; lastKnownFileType = sourcecode.swift; path = CoreAPI_iOSUITestsLaunchTests.swift; sourceTree = "<group>"; };
		02F9D860282CE15B00E6D912 /* CoreAPI.swift */ = {isa = PBXFileReference; lastKnownFileType = sourcecode.swift; path = CoreAPI.swift; sourceTree = "<group>"; };
		02F9D862282CE17D00E6D912 /* TargerType.swift */ = {isa = PBXFileReference; lastKnownFileType = sourcecode.swift; path = TargerType.swift; sourceTree = "<group>"; };
		02F9D864282CE19000E6D912 /* AlamofireLogger.swift */ = {isa = PBXFileReference; lastKnownFileType = sourcecode.swift; path = AlamofireLogger.swift; sourceTree = "<group>"; };
		02F9D867282CE1B400E6D912 /* Networking.swift */ = {isa = PBXFileReference; lastKnownFileType = sourcecode.swift; path = Networking.swift; sourceTree = "<group>"; };
		02F9D86D282CE46F00E6D912 /* Enums.swift */ = {isa = PBXFileReference; lastKnownFileType = sourcecode.swift; path = Enums.swift; sourceTree = "<group>"; };
		02F9D86F282CE4B900E6D912 /* MessageHelper.swift */ = {isa = PBXFileReference; lastKnownFileType = sourcecode.swift; path = MessageHelper.swift; sourceTree = "<group>"; };
		02F9D872282CE54300E6D912 /* CoreAPI + Extension.swift */ = {isa = PBXFileReference; lastKnownFileType = sourcecode.swift; path = "CoreAPI + Extension.swift"; sourceTree = "<group>"; };
		02F9D874282CE5C900E6D912 /* AFError + Extension.swift */ = {isa = PBXFileReference; lastKnownFileType = sourcecode.swift; path = "AFError + Extension.swift"; sourceTree = "<group>"; };
		02F9D877282CE68E00E6D912 /* BuildConfig.swift */ = {isa = PBXFileReference; lastKnownFileType = sourcecode.swift; path = BuildConfig.swift; sourceTree = "<group>"; };
		02F9D87A282CE6C500E6D912 /* AppConfiguration.swift */ = {isa = PBXFileReference; lastKnownFileType = sourcecode.swift; path = AppConfiguration.swift; sourceTree = "<group>"; };
		02F9D87D282D075B00E6D912 /* LoginRequest.swift */ = {isa = PBXFileReference; lastKnownFileType = sourcecode.swift; path = LoginRequest.swift; sourceTree = "<group>"; };
		02F9D87F282D076A00E6D912 /* LoginResponse.swift */ = {isa = PBXFileReference; lastKnownFileType = sourcecode.swift; path = LoginResponse.swift; sourceTree = "<group>"; };
		A848869B282F95D700FBCF0D /* BaseNavigationController.swift */ = {isa = PBXFileReference; lastKnownFileType = sourcecode.swift; path = BaseNavigationController.swift; sourceTree = "<group>"; };
		A89C22772830CCDD00B3AD2D /* ViewModelBaseProtocol.swift */ = {isa = PBXFileReference; lastKnownFileType = sourcecode.swift; path = ViewModelBaseProtocol.swift; sourceTree = "<group>"; };
		A89C22792830D4EC00B3AD2D /* BaseViewController.swift */ = {isa = PBXFileReference; lastKnownFileType = sourcecode.swift; path = BaseViewController.swift; sourceTree = "<group>"; };
		A8DE22B5282F691E006784E4 /* BaseResponse.swift */ = {isa = PBXFileReference; lastKnownFileType = sourcecode.swift; path = BaseResponse.swift; sourceTree = "<group>"; };
/* End PBXFileReference section */

/* Begin PBXFrameworksBuildPhase section */
		02F9D824282CDE1C00E6D912 /* Frameworks */ = {
			isa = PBXFrameworksBuildPhase;
			buildActionMask = 2147483647;
			files = (
				02F9D86B282CE3EE00E6D912 /* Alamofire in Frameworks */,
			);
			runOnlyForDeploymentPostprocessing = 0;
		};
		02F9D83A282CDE1D00E6D912 /* Frameworks */ = {
			isa = PBXFrameworksBuildPhase;
			buildActionMask = 2147483647;
			files = (
			);
			runOnlyForDeploymentPostprocessing = 0;
		};
		02F9D844282CDE1D00E6D912 /* Frameworks */ = {
			isa = PBXFrameworksBuildPhase;
			buildActionMask = 2147483647;
			files = (
			);
			runOnlyForDeploymentPostprocessing = 0;
		};
/* End PBXFrameworksBuildPhase section */

/* Begin PBXGroup section */
		0228BA37282E184000B7008F /* Login */ = {
			isa = PBXGroup;
			children = (
				0228BA38282E185F00B7008F /* LoginViewController.swift */,
				0228BA35282E12C000B7008F /* LoginViewModel.swift */,
			);
			path = Login;
			sourceTree = "<group>";
		};
		0229E213282E5D9F00C343B5 /* List */ = {
			isa = PBXGroup;
			children = (
				0229E216282E5DC300C343B5 /* ListViewController.swift */,
				0229E21B282E5F1600C343B5 /* ListViewModel.swift */,
			);
			path = List;
			sourceTree = "<group>";
		};
		0229E21D282E5F7E00C343B5 /* ListUsecase */ = {
			isa = PBXGroup;
			children = (
				0229E21E282E5F9D00C343B5 /* UsersListRequest.swift */,
				0229E220282E5FAA00C343B5 /* UsersListResponse.swift */,
			);
			path = ListUsecase;
			sourceTree = "<group>";
		};
		0229E222282E64DD00C343B5 /* ViewComponents */ = {
			isa = PBXGroup;
			children = (
				A89C22712830CAC000B3AD2D /* TableViewCell */,
			);
			path = ViewComponents;
			sourceTree = "<group>";
		};
		02F9D81E282CDE1C00E6D912 = {
			isa = PBXGroup;
			children = (
				02F9D829282CDE1C00E6D912 /* CoreAPI-iOS */,
				02F9D840282CDE1D00E6D912 /* CoreAPI-iOSTests */,
				02F9D84A282CDE1D00E6D912 /* CoreAPI-iOSUITests */,
				02F9D828282CDE1C00E6D912 /* Products */,
			);
			sourceTree = "<group>";
		};
		02F9D828282CDE1C00E6D912 /* Products */ = {
			isa = PBXGroup;
			children = (
				02F9D827282CDE1C00E6D912 /* CoreAPI-iOS.app */,
				02F9D83D282CDE1D00E6D912 /* CoreAPI-iOSTests.xctest */,
				02F9D847282CDE1D00E6D912 /* CoreAPI-iOSUITests.xctest */,
			);
			name = Products;
			sourceTree = "<group>";
		};
		02F9D829282CDE1C00E6D912 /* CoreAPI-iOS */ = {
			isa = PBXGroup;
			children = (
				02F9D86C282CE45F00E6D912 /* Classes */,
				02F9D85D282CE10E00E6D912 /* Networking */,
				02F9D85C282CE10700E6D912 /* Model */,
				02F9D85B282CE10300E6D912 /* View */,
				02F9D82A282CDE1C00E6D912 /* AppDelegate.swift */,
				02F9D82C282CDE1C00E6D912 /* SceneDelegate.swift */,
				02F9D830282CDE1C00E6D912 /* Main.storyboard */,
				02F9D833282CDE1D00E6D912 /* Assets.xcassets */,
				02F9D835282CDE1D00E6D912 /* LaunchScreen.storyboard */,
				02F9D838282CDE1D00E6D912 /* Info.plist */,
			);
			path = "CoreAPI-iOS";
			sourceTree = "<group>";
		};
		02F9D840282CDE1D00E6D912 /* CoreAPI-iOSTests */ = {
			isa = PBXGroup;
			children = (
				02F9D841282CDE1D00E6D912 /* CoreAPI_iOSTests.swift */,
			);
			path = "CoreAPI-iOSTests";
			sourceTree = "<group>";
		};
		02F9D84A282CDE1D00E6D912 /* CoreAPI-iOSUITests */ = {
			isa = PBXGroup;
			children = (
				02F9D84B282CDE1D00E6D912 /* CoreAPI_iOSUITests.swift */,
				02F9D84D282CDE1D00E6D912 /* CoreAPI_iOSUITestsLaunchTests.swift */,
			);
			path = "CoreAPI-iOSUITests";
			sourceTree = "<group>";
		};
		02F9D85B282CE10300E6D912 /* View */ = {
			isa = PBXGroup;
			children = (
				0228BA37282E184000B7008F /* Login */,
				0229E213282E5D9F00C343B5 /* List */,
			);
			path = View;
			sourceTree = "<group>";
		};
		02F9D85C282CE10700E6D912 /* Model */ = {
			isa = PBXGroup;
			children = (
				A8DE22B4282F6904006784E4 /* BaseResponse */,
				02F9D87C282D073800E6D912 /* LoginUseCase */,
				0229E21D282E5F7E00C343B5 /* ListUsecase */,
			);
			path = Model;
			sourceTree = "<group>";
		};
		02F9D85D282CE10E00E6D912 /* Networking */ = {
			isa = PBXGroup;
			children = (
				02F9D85E282CE11700E6D912 /* API Manager */,
				02F9D85F282CE12F00E6D912 /* EndPoint */,
			);
			path = Networking;
			sourceTree = "<group>";
		};
		02F9D85E282CE11700E6D912 /* API Manager */ = {
			isa = PBXGroup;
			children = (
				02F9D860282CE15B00E6D912 /* CoreAPI.swift */,
				02F9D862282CE17D00E6D912 /* TargerType.swift */,
				02F9D864282CE19000E6D912 /* AlamofireLogger.swift */,
			);
			path = "API Manager";
			sourceTree = "<group>";
		};
		02F9D85F282CE12F00E6D912 /* EndPoint */ = {
			isa = PBXGroup;
			children = (
				02F9D867282CE1B400E6D912 /* Networking.swift */,
			);
			path = EndPoint;
			sourceTree = "<group>";
		};
		02F9D86C282CE45F00E6D912 /* Classes */ = {
			isa = PBXGroup;
			children = (
				A848869A282F95B700FBCF0D /* Base */,
				0229E222282E64DD00C343B5 /* ViewComponents */,
				02F9D879282CE6B100E6D912 /* Protocols */,
				02F9D871282CE52200E6D912 /* Extension */,
				02F9D86D282CE46F00E6D912 /* Enums.swift */,
				02F9D86F282CE4B900E6D912 /* MessageHelper.swift */,
				02F9D877282CE68E00E6D912 /* BuildConfig.swift */,
			);
			path = Classes;
			sourceTree = "<group>";
		};
		02F9D871282CE52200E6D912 /* Extension */ = {
			isa = PBXGroup;
			children = (
				02F9D872282CE54300E6D912 /* CoreAPI + Extension.swift */,
				02F9D874282CE5C900E6D912 /* AFError + Extension.swift */,
				0229E211282E5D3800C343B5 /* UIViewController + Extension.swift */,
				0229E219282E5E4A00C343B5 /* String + Extension.swift */,
			);
			path = Extension;
			sourceTree = "<group>";
		};
		02F9D879282CE6B100E6D912 /* Protocols */ = {
			isa = PBXGroup;
			children = (
				02F9D87A282CE6C500E6D912 /* AppConfiguration.swift */,
				A89C22772830CCDD00B3AD2D /* ViewModelBaseProtocol.swift */,
			);
			path = Protocols;
			sourceTree = "<group>";
		};
		02F9D87C282D073800E6D912 /* LoginUseCase */ = {
			isa = PBXGroup;
			children = (
				02F9D87D282D075B00E6D912 /* LoginRequest.swift */,
				02F9D87F282D076A00E6D912 /* LoginResponse.swift */,
			);
			path = LoginUseCase;
			sourceTree = "<group>";
		};
		A848869A282F95B700FBCF0D /* Base */ = {
			isa = PBXGroup;
			children = (
				A848869B282F95D700FBCF0D /* BaseNavigationController.swift */,
				A89C22792830D4EC00B3AD2D /* BaseViewController.swift */,
			);
			path = Base;
			sourceTree = "<group>";
		};
		A89C22712830CAC000B3AD2D /* TableViewCell */ = {
			isa = PBXGroup;
			children = (
				0229E224282E651700C343B5 /* UsersTableViewCell.xib */,
				0229E223282E651700C343B5 /* UsersTableViewCell.swift */,
			);
			path = TableViewCell;
			sourceTree = "<group>";
		};
		A8DE22B4282F6904006784E4 /* BaseResponse */ = {
			isa = PBXGroup;
			children = (
				A8DE22B5282F691E006784E4 /* BaseResponse.swift */,
			);
			path = BaseResponse;
			sourceTree = "<group>";
		};
/* End PBXGroup section */

/* Begin PBXNativeTarget section */
		02F9D826282CDE1C00E6D912 /* CoreAPI-iOS */ = {
			isa = PBXNativeTarget;
			buildConfigurationList = 02F9D851282CDE1D00E6D912 /* Build configuration list for PBXNativeTarget "CoreAPI-iOS" */;
			buildPhases = (
				02F9D823282CDE1C00E6D912 /* Sources */,
				02F9D824282CDE1C00E6D912 /* Frameworks */,
				02F9D825282CDE1C00E6D912 /* Resources */,
			);
			buildRules = (
			);
			dependencies = (
			);
			name = "CoreAPI-iOS";
			packageProductDependencies = (
				02F9D86A282CE3EE00E6D912 /* Alamofire */,
			);
			productName = "CoreAPI-iOS";
			productReference = 02F9D827282CDE1C00E6D912 /* CoreAPI-iOS.app */;
			productType = "com.apple.product-type.application";
		};
		02F9D83C282CDE1D00E6D912 /* CoreAPI-iOSTests */ = {
			isa = PBXNativeTarget;
			buildConfigurationList = 02F9D854282CDE1D00E6D912 /* Build configuration list for PBXNativeTarget "CoreAPI-iOSTests" */;
			buildPhases = (
				02F9D839282CDE1D00E6D912 /* Sources */,
				02F9D83A282CDE1D00E6D912 /* Frameworks */,
				02F9D83B282CDE1D00E6D912 /* Resources */,
			);
			buildRules = (
			);
			dependencies = (
				02F9D83F282CDE1D00E6D912 /* PBXTargetDependency */,
			);
			name = "CoreAPI-iOSTests";
			productName = "CoreAPI-iOSTests";
			productReference = 02F9D83D282CDE1D00E6D912 /* CoreAPI-iOSTests.xctest */;
			productType = "com.apple.product-type.bundle.unit-test";
		};
		02F9D846282CDE1D00E6D912 /* CoreAPI-iOSUITests */ = {
			isa = PBXNativeTarget;
			buildConfigurationList = 02F9D857282CDE1D00E6D912 /* Build configuration list for PBXNativeTarget "CoreAPI-iOSUITests" */;
			buildPhases = (
				02F9D843282CDE1D00E6D912 /* Sources */,
				02F9D844282CDE1D00E6D912 /* Frameworks */,
				02F9D845282CDE1D00E6D912 /* Resources */,
			);
			buildRules = (
			);
			dependencies = (
				02F9D849282CDE1D00E6D912 /* PBXTargetDependency */,
			);
			name = "CoreAPI-iOSUITests";
			productName = "CoreAPI-iOSUITests";
			productReference = 02F9D847282CDE1D00E6D912 /* CoreAPI-iOSUITests.xctest */;
			productType = "com.apple.product-type.bundle.ui-testing";
		};
/* End PBXNativeTarget section */

/* Begin PBXProject section */
		02F9D81F282CDE1C00E6D912 /* Project object */ = {
			isa = PBXProject;
			attributes = {
				BuildIndependentTargetsInParallel = 1;
				LastSwiftUpdateCheck = 1330;
				LastUpgradeCheck = 1330;
				TargetAttributes = {
					02F9D826282CDE1C00E6D912 = {
						CreatedOnToolsVersion = 13.3;
					};
					02F9D83C282CDE1D00E6D912 = {
						CreatedOnToolsVersion = 13.3;
						TestTargetID = 02F9D826282CDE1C00E6D912;
					};
					02F9D846282CDE1D00E6D912 = {
						CreatedOnToolsVersion = 13.3;
						TestTargetID = 02F9D826282CDE1C00E6D912;
					};
				};
			};
			buildConfigurationList = 02F9D822282CDE1C00E6D912 /* Build configuration list for PBXProject "CoreAPI-iOS" */;
			compatibilityVersion = "Xcode 13.0";
			developmentRegion = en;
			hasScannedForEncodings = 0;
			knownRegions = (
				en,
				Base,
			);
			mainGroup = 02F9D81E282CDE1C00E6D912;
			packageReferences = (
				02F9D869282CE3EE00E6D912 /* XCRemoteSwiftPackageReference "Alamofire" */,
			);
			productRefGroup = 02F9D828282CDE1C00E6D912 /* Products */;
			projectDirPath = "";
			projectRoot = "";
			targets = (
				02F9D826282CDE1C00E6D912 /* CoreAPI-iOS */,
				02F9D83C282CDE1D00E6D912 /* CoreAPI-iOSTests */,
				02F9D846282CDE1D00E6D912 /* CoreAPI-iOSUITests */,
			);
		};
/* End PBXProject section */

/* Begin PBXResourcesBuildPhase section */
		02F9D825282CDE1C00E6D912 /* Resources */ = {
			isa = PBXResourcesBuildPhase;
			buildActionMask = 2147483647;
			files = (
				0229E226282E651700C343B5 /* UsersTableViewCell.xib in Resources */,
				02F9D837282CDE1D00E6D912 /* LaunchScreen.storyboard in Resources */,
				02F9D834282CDE1D00E6D912 /* Assets.xcassets in Resources */,
				02F9D832282CDE1C00E6D912 /* Main.storyboard in Resources */,
			);
			runOnlyForDeploymentPostprocessing = 0;
		};
		02F9D83B282CDE1D00E6D912 /* Resources */ = {
			isa = PBXResourcesBuildPhase;
			buildActionMask = 2147483647;
			files = (
			);
			runOnlyForDeploymentPostprocessing = 0;
		};
		02F9D845282CDE1D00E6D912 /* Resources */ = {
			isa = PBXResourcesBuildPhase;
			buildActionMask = 2147483647;
			files = (
			);
			runOnlyForDeploymentPostprocessing = 0;
		};
/* End PBXResourcesBuildPhase section */

/* Begin PBXSourcesBuildPhase section */
		02F9D823282CDE1C00E6D912 /* Sources */ = {
			isa = PBXSourcesBuildPhase;
			buildActionMask = 2147483647;
			files = (
				0229E21F282E5F9D00C343B5 /* UsersListRequest.swift in Sources */,
				02F9D865282CE19000E6D912 /* AlamofireLogger.swift in Sources */,
				02F9D870282CE4B900E6D912 /* MessageHelper.swift in Sources */,
				02F9D87E282D075B00E6D912 /* LoginRequest.swift in Sources */,
				0228BA36282E12C000B7008F /* LoginViewModel.swift in Sources */,
				A89C227A2830D4EC00B3AD2D /* BaseViewController.swift in Sources */,
				02F9D880282D076A00E6D912 /* LoginResponse.swift in Sources */,
				0229E225282E651700C343B5 /* UsersTableViewCell.swift in Sources */,
				02F9D87B282CE6C500E6D912 /* AppConfiguration.swift in Sources */,
				02F9D82B282CDE1C00E6D912 /* AppDelegate.swift in Sources */,
				02F9D863282CE17D00E6D912 /* TargerType.swift in Sources */,
				0229E217282E5DC300C343B5 /* ListViewController.swift in Sources */,
				02F9D82D282CDE1C00E6D912 /* SceneDelegate.swift in Sources */,
				0229E21C282E5F1600C343B5 /* ListViewModel.swift in Sources */,
				0229E21A282E5E4A00C343B5 /* String + Extension.swift in Sources */,
				02F9D878282CE68E00E6D912 /* BuildConfig.swift in Sources */,
				A8DE22B6282F691E006784E4 /* BaseResponse.swift in Sources */,
				02F9D861282CE15B00E6D912 /* CoreAPI.swift in Sources */,
				A89C22782830CCDD00B3AD2D /* ViewModelBaseProtocol.swift in Sources */,
				02F9D875282CE5C900E6D912 /* AFError + Extension.swift in Sources */,
				0229E221282E5FAA00C343B5 /* UsersListResponse.swift in Sources */,
				0228BA39282E185F00B7008F /* LoginViewController.swift in Sources */,
				02F9D873282CE54300E6D912 /* CoreAPI + Extension.swift in Sources */,
				0229E212282E5D3800C343B5 /* UIViewController + Extension.swift in Sources */,
				02F9D86E282CE46F00E6D912 /* Enums.swift in Sources */,
				A848869C282F95D700FBCF0D /* BaseNavigationController.swift in Sources */,
				02F9D868282CE1B400E6D912 /* Networking.swift in Sources */,
			);
			runOnlyForDeploymentPostprocessing = 0;
		};
		02F9D839282CDE1D00E6D912 /* Sources */ = {
			isa = PBXSourcesBuildPhase;
			buildActionMask = 2147483647;
			files = (
				02F9D842282CDE1D00E6D912 /* CoreAPI_iOSTests.swift in Sources */,
			);
			runOnlyForDeploymentPostprocessing = 0;
		};
		02F9D843282CDE1D00E6D912 /* Sources */ = {
			isa = PBXSourcesBuildPhase;
			buildActionMask = 2147483647;
			files = (
				02F9D84E282CDE1D00E6D912 /* CoreAPI_iOSUITestsLaunchTests.swift in Sources */,
				02F9D84C282CDE1D00E6D912 /* CoreAPI_iOSUITests.swift in Sources */,
			);
			runOnlyForDeploymentPostprocessing = 0;
		};
/* End PBXSourcesBuildPhase section */

/* Begin PBXTargetDependency section */
		02F9D83F282CDE1D00E6D912 /* PBXTargetDependency */ = {
			isa = PBXTargetDependency;
			target = 02F9D826282CDE1C00E6D912 /* CoreAPI-iOS */;
			targetProxy = 02F9D83E282CDE1D00E6D912 /* PBXContainerItemProxy */;
		};
		02F9D849282CDE1D00E6D912 /* PBXTargetDependency */ = {
			isa = PBXTargetDependency;
			target = 02F9D826282CDE1C00E6D912 /* CoreAPI-iOS */;
			targetProxy = 02F9D848282CDE1D00E6D912 /* PBXContainerItemProxy */;
		};
/* End PBXTargetDependency section */

/* Begin PBXVariantGroup section */
		02F9D830282CDE1C00E6D912 /* Main.storyboard */ = {
			isa = PBXVariantGroup;
			children = (
				02F9D831282CDE1C00E6D912 /* Base */,
			);
			name = Main.storyboard;
			sourceTree = "<group>";
		};
		02F9D835282CDE1D00E6D912 /* LaunchScreen.storyboard */ = {
			isa = PBXVariantGroup;
			children = (
				02F9D836282CDE1D00E6D912 /* Base */,
			);
			name = LaunchScreen.storyboard;
			sourceTree = "<group>";
		};
/* End PBXVariantGroup section */

/* Begin XCBuildConfiguration section */
		02F9D84F282CDE1D00E6D912 /* Debug */ = {
			isa = XCBuildConfiguration;
			buildSettings = {
				ALWAYS_SEARCH_USER_PATHS = NO;
				CLANG_ANALYZER_NONNULL = YES;
				CLANG_ANALYZER_NUMBER_OBJECT_CONVERSION = YES_AGGRESSIVE;
				CLANG_CXX_LANGUAGE_STANDARD = "gnu++17";
				CLANG_ENABLE_MODULES = YES;
				CLANG_ENABLE_OBJC_ARC = YES;
				CLANG_ENABLE_OBJC_WEAK = YES;
				CLANG_WARN_BLOCK_CAPTURE_AUTORELEASING = YES;
				CLANG_WARN_BOOL_CONVERSION = YES;
				CLANG_WARN_COMMA = YES;
				CLANG_WARN_CONSTANT_CONVERSION = YES;
				CLANG_WARN_DEPRECATED_OBJC_IMPLEMENTATIONS = YES;
				CLANG_WARN_DIRECT_OBJC_ISA_USAGE = YES_ERROR;
				CLANG_WARN_DOCUMENTATION_COMMENTS = YES;
				CLANG_WARN_EMPTY_BODY = YES;
				CLANG_WARN_ENUM_CONVERSION = YES;
				CLANG_WARN_INFINITE_RECURSION = YES;
				CLANG_WARN_INT_CONVERSION = YES;
				CLANG_WARN_NON_LITERAL_NULL_CONVERSION = YES;
				CLANG_WARN_OBJC_IMPLICIT_RETAIN_SELF = YES;
				CLANG_WARN_OBJC_LITERAL_CONVERSION = YES;
				CLANG_WARN_OBJC_ROOT_CLASS = YES_ERROR;
				CLANG_WARN_QUOTED_INCLUDE_IN_FRAMEWORK_HEADER = YES;
				CLANG_WARN_RANGE_LOOP_ANALYSIS = YES;
				CLANG_WARN_STRICT_PROTOTYPES = YES;
				CLANG_WARN_SUSPICIOUS_MOVE = YES;
				CLANG_WARN_UNGUARDED_AVAILABILITY = YES_AGGRESSIVE;
				CLANG_WARN_UNREACHABLE_CODE = YES;
				CLANG_WARN__DUPLICATE_METHOD_MATCH = YES;
				COPY_PHASE_STRIP = NO;
				DEBUG_INFORMATION_FORMAT = dwarf;
				ENABLE_STRICT_OBJC_MSGSEND = YES;
				ENABLE_TESTABILITY = YES;
				GCC_C_LANGUAGE_STANDARD = gnu11;
				GCC_DYNAMIC_NO_PIC = NO;
				GCC_NO_COMMON_BLOCKS = YES;
				GCC_OPTIMIZATION_LEVEL = 0;
				GCC_PREPROCESSOR_DEFINITIONS = (
					"DEBUG=1",
					"$(inherited)",
				);
				GCC_WARN_64_TO_32_BIT_CONVERSION = YES;
				GCC_WARN_ABOUT_RETURN_TYPE = YES_ERROR;
				GCC_WARN_UNDECLARED_SELECTOR = YES;
				GCC_WARN_UNINITIALIZED_AUTOS = YES_AGGRESSIVE;
				GCC_WARN_UNUSED_FUNCTION = YES;
				GCC_WARN_UNUSED_VARIABLE = YES;
				IPHONEOS_DEPLOYMENT_TARGET = 15.4;
				MTL_ENABLE_DEBUG_INFO = INCLUDE_SOURCE;
				MTL_FAST_MATH = YES;
				ONLY_ACTIVE_ARCH = YES;
				SDKROOT = iphoneos;
				SWIFT_ACTIVE_COMPILATION_CONDITIONS = DEBUG;
				SWIFT_OPTIMIZATION_LEVEL = "-Onone";
			};
			name = Debug;
		};
		02F9D850282CDE1D00E6D912 /* Release */ = {
			isa = XCBuildConfiguration;
			buildSettings = {
				ALWAYS_SEARCH_USER_PATHS = NO;
				CLANG_ANALYZER_NONNULL = YES;
				CLANG_ANALYZER_NUMBER_OBJECT_CONVERSION = YES_AGGRESSIVE;
				CLANG_CXX_LANGUAGE_STANDARD = "gnu++17";
				CLANG_ENABLE_MODULES = YES;
				CLANG_ENABLE_OBJC_ARC = YES;
				CLANG_ENABLE_OBJC_WEAK = YES;
				CLANG_WARN_BLOCK_CAPTURE_AUTORELEASING = YES;
				CLANG_WARN_BOOL_CONVERSION = YES;
				CLANG_WARN_COMMA = YES;
				CLANG_WARN_CONSTANT_CONVERSION = YES;
				CLANG_WARN_DEPRECATED_OBJC_IMPLEMENTATIONS = YES;
				CLANG_WARN_DIRECT_OBJC_ISA_USAGE = YES_ERROR;
				CLANG_WARN_DOCUMENTATION_COMMENTS = YES;
				CLANG_WARN_EMPTY_BODY = YES;
				CLANG_WARN_ENUM_CONVERSION = YES;
				CLANG_WARN_INFINITE_RECURSION = YES;
				CLANG_WARN_INT_CONVERSION = YES;
				CLANG_WARN_NON_LITERAL_NULL_CONVERSION = YES;
				CLANG_WARN_OBJC_IMPLICIT_RETAIN_SELF = YES;
				CLANG_WARN_OBJC_LITERAL_CONVERSION = YES;
				CLANG_WARN_OBJC_ROOT_CLASS = YES_ERROR;
				CLANG_WARN_QUOTED_INCLUDE_IN_FRAMEWORK_HEADER = YES;
				CLANG_WARN_RANGE_LOOP_ANALYSIS = YES;
				CLANG_WARN_STRICT_PROTOTYPES = YES;
				CLANG_WARN_SUSPICIOUS_MOVE = YES;
				CLANG_WARN_UNGUARDED_AVAILABILITY = YES_AGGRESSIVE;
				CLANG_WARN_UNREACHABLE_CODE = YES;
				CLANG_WARN__DUPLICATE_METHOD_MATCH = YES;
				COPY_PHASE_STRIP = NO;
				DEBUG_INFORMATION_FORMAT = "dwarf-with-dsym";
				ENABLE_NS_ASSERTIONS = NO;
				ENABLE_STRICT_OBJC_MSGSEND = YES;
				GCC_C_LANGUAGE_STANDARD = gnu11;
				GCC_NO_COMMON_BLOCKS = YES;
				GCC_WARN_64_TO_32_BIT_CONVERSION = YES;
				GCC_WARN_ABOUT_RETURN_TYPE = YES_ERROR;
				GCC_WARN_UNDECLARED_SELECTOR = YES;
				GCC_WARN_UNINITIALIZED_AUTOS = YES_AGGRESSIVE;
				GCC_WARN_UNUSED_FUNCTION = YES;
				GCC_WARN_UNUSED_VARIABLE = YES;
				IPHONEOS_DEPLOYMENT_TARGET = 15.4;
				MTL_ENABLE_DEBUG_INFO = NO;
				MTL_FAST_MATH = YES;
				SDKROOT = iphoneos;
				SWIFT_COMPILATION_MODE = wholemodule;
				SWIFT_OPTIMIZATION_LEVEL = "-O";
				VALIDATE_PRODUCT = YES;
			};
			name = Release;
		};
		02F9D852282CDE1D00E6D912 /* Debug */ = {
			isa = XCBuildConfiguration;
			buildSettings = {
				ASSETCATALOG_COMPILER_APPICON_NAME = AppIcon;
				ASSETCATALOG_COMPILER_GLOBAL_ACCENT_COLOR_NAME = AccentColor;
				CODE_SIGN_STYLE = Automatic;
				CURRENT_PROJECT_VERSION = 1;
				DEVELOPMENT_TEAM = 3KZWVBAJSN;
				GENERATE_INFOPLIST_FILE = YES;
				INFOPLIST_FILE = "CoreAPI-iOS/Info.plist";
				INFOPLIST_KEY_UIApplicationSupportsIndirectInputEvents = YES;
				INFOPLIST_KEY_UILaunchStoryboardName = LaunchScreen;
				INFOPLIST_KEY_UIMainStoryboardFile = Main;
				INFOPLIST_KEY_UISupportedInterfaceOrientations_iPad = "UIInterfaceOrientationPortrait UIInterfaceOrientationPortraitUpsideDown UIInterfaceOrientationLandscapeLeft UIInterfaceOrientationLandscapeRight";
				INFOPLIST_KEY_UISupportedInterfaceOrientations_iPhone = "UIInterfaceOrientationPortrait UIInterfaceOrientationLandscapeLeft UIInterfaceOrientationLandscapeRight";
				LD_RUNPATH_SEARCH_PATHS = (
					"$(inherited)",
					"@executable_path/Frameworks",
				);
				MARKETING_VERSION = 1.0;
				PRODUCT_BUNDLE_IDENTIFIER = "gravityapp.CoreAPI-iOS";
				PRODUCT_NAME = "$(TARGET_NAME)";
				SWIFT_EMIT_LOC_STRINGS = YES;
				SWIFT_VERSION = 5.0;
				TARGETED_DEVICE_FAMILY = "1,2";
			};
			name = Debug;
		};
		02F9D853282CDE1D00E6D912 /* Release */ = {
			isa = XCBuildConfiguration;
			buildSettings = {
				ASSETCATALOG_COMPILER_APPICON_NAME = AppIcon;
				ASSETCATALOG_COMPILER_GLOBAL_ACCENT_COLOR_NAME = AccentColor;
				CODE_SIGN_STYLE = Automatic;
				CURRENT_PROJECT_VERSION = 1;
				DEVELOPMENT_TEAM = 3KZWVBAJSN;
				GENERATE_INFOPLIST_FILE = YES;
				INFOPLIST_FILE = "CoreAPI-iOS/Info.plist";
				INFOPLIST_KEY_UIApplicationSupportsIndirectInputEvents = YES;
				INFOPLIST_KEY_UILaunchStoryboardName = LaunchScreen;
				INFOPLIST_KEY_UIMainStoryboardFile = Main;
				INFOPLIST_KEY_UISupportedInterfaceOrientations_iPad = "UIInterfaceOrientationPortrait UIInterfaceOrientationPortraitUpsideDown UIInterfaceOrientationLandscapeLeft UIInterfaceOrientationLandscapeRight";
				INFOPLIST_KEY_UISupportedInterfaceOrientations_iPhone = "UIInterfaceOrientationPortrait UIInterfaceOrientationLandscapeLeft UIInterfaceOrientationLandscapeRight";
				LD_RUNPATH_SEARCH_PATHS = (
					"$(inherited)",
					"@executable_path/Frameworks",
				);
				MARKETING_VERSION = 1.0;
				PRODUCT_BUNDLE_IDENTIFIER = "gravityapp.CoreAPI-iOS";
				PRODUCT_NAME = "$(TARGET_NAME)";
				SWIFT_EMIT_LOC_STRINGS = YES;
				SWIFT_VERSION = 5.0;
				TARGETED_DEVICE_FAMILY = "1,2";
			};
			name = Release;
		};
		02F9D855282CDE1D00E6D912 /* Debug */ = {
			isa = XCBuildConfiguration;
			buildSettings = {
				ALWAYS_EMBED_SWIFT_STANDARD_LIBRARIES = YES;
				BUNDLE_LOADER = "$(TEST_HOST)";
				CODE_SIGN_STYLE = Automatic;
				CURRENT_PROJECT_VERSION = 1;
				DEVELOPMENT_TEAM = 3KZWVBAJSN;
				GENERATE_INFOPLIST_FILE = YES;
				IPHONEOS_DEPLOYMENT_TARGET = 15.4;
				MARKETING_VERSION = 1.0;
				PRODUCT_BUNDLE_IDENTIFIER = "gravityapp.CoreAPI-iOSTests";
				PRODUCT_NAME = "$(TARGET_NAME)";
				SWIFT_EMIT_LOC_STRINGS = NO;
				SWIFT_VERSION = 5.0;
				TARGETED_DEVICE_FAMILY = "1,2";
				TEST_HOST = "$(BUILT_PRODUCTS_DIR)/CoreAPI-iOS.app/CoreAPI-iOS";
			};
			name = Debug;
		};
		02F9D856282CDE1D00E6D912 /* Release */ = {
			isa = XCBuildConfiguration;
			buildSettings = {
				ALWAYS_EMBED_SWIFT_STANDARD_LIBRARIES = YES;
				BUNDLE_LOADER = "$(TEST_HOST)";
				CODE_SIGN_STYLE = Automatic;
				CURRENT_PROJECT_VERSION = 1;
				DEVELOPMENT_TEAM = 3KZWVBAJSN;
				GENERATE_INFOPLIST_FILE = YES;
				IPHONEOS_DEPLOYMENT_TARGET = 15.4;
				MARKETING_VERSION = 1.0;
				PRODUCT_BUNDLE_IDENTIFIER = "gravityapp.CoreAPI-iOSTests";
				PRODUCT_NAME = "$(TARGET_NAME)";
				SWIFT_EMIT_LOC_STRINGS = NO;
				SWIFT_VERSION = 5.0;
				TARGETED_DEVICE_FAMILY = "1,2";
				TEST_HOST = "$(BUILT_PRODUCTS_DIR)/CoreAPI-iOS.app/CoreAPI-iOS";
			};
			name = Release;
		};
		02F9D858282CDE1D00E6D912 /* Debug */ = {
			isa = XCBuildConfiguration;
			buildSettings = {
				ALWAYS_EMBED_SWIFT_STANDARD_LIBRARIES = YES;
				CODE_SIGN_STYLE = Automatic;
				CURRENT_PROJECT_VERSION = 1;
				DEVELOPMENT_TEAM = 3KZWVBAJSN;
				GENERATE_INFOPLIST_FILE = YES;
				MARKETING_VERSION = 1.0;
				PRODUCT_BUNDLE_IDENTIFIER = "gravityapp.CoreAPI-iOSUITests";
				PRODUCT_NAME = "$(TARGET_NAME)";
				SWIFT_EMIT_LOC_STRINGS = NO;
				SWIFT_VERSION = 5.0;
				TARGETED_DEVICE_FAMILY = "1,2";
				TEST_TARGET_NAME = "CoreAPI-iOS";
			};
			name = Debug;
		};
		02F9D859282CDE1D00E6D912 /* Release */ = {
			isa = XCBuildConfiguration;
			buildSettings = {
				ALWAYS_EMBED_SWIFT_STANDARD_LIBRARIES = YES;
				CODE_SIGN_STYLE = Automatic;
				CURRENT_PROJECT_VERSION = 1;
				DEVELOPMENT_TEAM = 3KZWVBAJSN;
				GENERATE_INFOPLIST_FILE = YES;
				MARKETING_VERSION = 1.0;
				PRODUCT_BUNDLE_IDENTIFIER = "gravityapp.CoreAPI-iOSUITests";
				PRODUCT_NAME = "$(TARGET_NAME)";
				SWIFT_EMIT_LOC_STRINGS = NO;
				SWIFT_VERSION = 5.0;
				TARGETED_DEVICE_FAMILY = "1,2";
				TEST_TARGET_NAME = "CoreAPI-iOS";
			};
			name = Release;
		};
/* End XCBuildConfiguration section */

/* Begin XCConfigurationList section */
		02F9D822282CDE1C00E6D912 /* Build configuration list for PBXProject "CoreAPI-iOS" */ = {
			isa = XCConfigurationList;
			buildConfigurations = (
				02F9D84F282CDE1D00E6D912 /* Debug */,
				02F9D850282CDE1D00E6D912 /* Release */,
			);
			defaultConfigurationIsVisible = 0;
			defaultConfigurationName = Release;
		};
		02F9D851282CDE1D00E6D912 /* Build configuration list for PBXNativeTarget "CoreAPI-iOS" */ = {
			isa = XCConfigurationList;
			buildConfigurations = (
				02F9D852282CDE1D00E6D912 /* Debug */,
				02F9D853282CDE1D00E6D912 /* Release */,
			);
			defaultConfigurationIsVisible = 0;
			defaultConfigurationName = Release;
		};
		02F9D854282CDE1D00E6D912 /* Build configuration list for PBXNativeTarget "CoreAPI-iOSTests" */ = {
			isa = XCConfigurationList;
			buildConfigurations = (
				02F9D855282CDE1D00E6D912 /* Debug */,
				02F9D856282CDE1D00E6D912 /* Release */,
			);
			defaultConfigurationIsVisible = 0;
			defaultConfigurationName = Release;
		};
		02F9D857282CDE1D00E6D912 /* Build configuration list for PBXNativeTarget "CoreAPI-iOSUITests" */ = {
			isa = XCConfigurationList;
			buildConfigurations = (
				02F9D858282CDE1D00E6D912 /* Debug */,
				02F9D859282CDE1D00E6D912 /* Release */,
			);
			defaultConfigurationIsVisible = 0;
			defaultConfigurationName = Release;
		};
/* End XCConfigurationList section */

/* Begin XCRemoteSwiftPackageReference section */
		02F9D869282CE3EE00E6D912 /* XCRemoteSwiftPackageReference "Alamofire" */ = {
			isa = XCRemoteSwiftPackageReference;
			repositoryURL = "https://github.com/Alamofire/Alamofire";
			requirement = {
				branch = master;
				kind = branch;
			};
		};
/* End XCRemoteSwiftPackageReference section */

/* Begin XCSwiftPackageProductDependency section */
		02F9D86A282CE3EE00E6D912 /* Alamofire */ = {
			isa = XCSwiftPackageProductDependency;
			package = 02F9D869282CE3EE00E6D912 /* XCRemoteSwiftPackageReference "Alamofire" */;
			productName = Alamofire;
		};
/* End XCSwiftPackageProductDependency section */
	};
	rootObject = 02F9D81F282CDE1C00E6D912 /* Project object */;
}
